
Microsoft Visual Studio Solution File, Format Version 12.00
# Visual Studio Version 17
VisualStudioVersion = 17.7.34221.43
MinimumVisualStudioVersion = 10.0.40219.1
Project("{FAE04EC0-301F-11D3-BF4B-00C04F79EFBC}") = "API", "API\API.csproj", "{A98259F9-1F54-4BB4-B847-78A91BC962F4}"
EndProject
Project("{2150E333-8FDC-42A3-9474-1A3956D46DE8}") = "Common", "Common", "{966EAEF1-B530-4CEB-897E-16774CF724CB}"
EndProject
Project("{FAE04EC0-301F-11D3-BF4B-00C04F79EFBC}") = "Helper", "Helper\Helper.csproj", "{82B6AC2A-8B6A-4D07-AF5B-DE1ACE55D9F8}"
EndProject
Project("{2150E333-8FDC-42A3-9474-1A3956D46DE8}") = "Core", "Core", "{0D4D2B52-4D05-4AD6-BF17-E5C3E59906B8}"
EndProject
Project("{2150E333-8FDC-42A3-9474-1A3956D46DE8}") = "Infrastructure", "Infrastructure", "{0654F7CF-4E35-4053-BF9E-9BED5DB0151C}"
EndProject
Project("{2150E333-8FDC-42A3-9474-1A3956D46DE8}") = "Presentation", "Presentation", "{9174CAC8-7748-4B62-9DEC-ECF240126214}"
EndProject
Project("{FAE04EC0-301F-11D3-BF4B-00C04F79EFBC}") = "Application", "Application\Application.csproj", "{ECC2552F-FA34-4FF4-A736-9E1E4C795A02}"
EndProject
Project("{FAE04EC0-301F-11D3-BF4B-00C04F79EFBC}") = "Domain", "Domain\Domain.csproj", "{88AB83ED-21E5-4BF7-BA9B-F77D2B658D07}"
EndProject
Project("{FAE04EC0-301F-11D3-BF4B-00C04F79EFBC}") = "ExternalAPI", "ExternalAPI\ExternalAPI.csproj", "{B89B3790-EFF7-4DC7-8277-8CA66600B937}"
EndProject
Project("{FAE04EC0-301F-11D3-BF4B-00C04F79EFBC}") = "Infrastructure", "Infrastructure\Infrastructure.csproj", "{DE28AF00-00ED-4AE5-AF00-F9D28A47AB8C}"
EndProject
Project("{FAE04EC0-301F-11D3-BF4B-00C04F79EFBC}") = "Persistence", "Persistence\Persistence.csproj", "{8F4B6441-121D-492F-B4F8-6768F542F4D5}"
EndProject
Project("{FAE04EC0-301F-11D3-BF4B-00C04F79EFBC}") = "DTO", "DTO\DTO.csproj", "{479DF17B-E303-4FF4-BE2F-BA7A29BB0E16}"
EndProject
Project("{FAE04EC0-301F-11D3-BF4B-00C04F79EFBC}") = "Middlewares", "Middlewares\Middlewares.csproj", "{345E09FA-6FE1-45BE-AAF6-8DB905997C2F}"
EndProject
Global
	GlobalSection(SolutionConfigurationPlatforms) = preSolution
		Debug|Any CPU = Debug|Any CPU
		Release|Any CPU = Release|Any CPU
	EndGlobalSection
	GlobalSection(ProjectConfigurationPlatforms) = postSolution
		{A98259F9-1F54-4BB4-B847-78A91BC962F4}.Debug|Any CPU.ActiveCfg = Debug|Any CPU
		{A98259F9-1F54-4BB4-B847-78A91BC962F4}.Debug|Any CPU.Build.0 = Debug|Any CPU
		{A98259F9-1F54-4BB4-B847-78A91BC962F4}.Release|Any CPU.ActiveCfg = Release|Any CPU
		{A98259F9-1F54-4BB4-B847-78A91BC962F4}.Release|Any CPU.Build.0 = Release|Any CPU
		{82B6AC2A-8B6A-4D07-AF5B-DE1ACE55D9F8}.Debug|Any CPU.ActiveCfg = Debug|Any CPU
		{82B6AC2A-8B6A-4D07-AF5B-DE1ACE55D9F8}.Debug|Any CPU.Build.0 = Debug|Any CPU
		{82B6AC2A-8B6A-4D07-AF5B-DE1ACE55D9F8}.Release|Any CPU.ActiveCfg = Release|Any CPU
		{82B6AC2A-8B6A-4D07-AF5B-DE1ACE55D9F8}.Release|Any CPU.Build.0 = Release|Any CPU
		{ECC2552F-FA34-4FF4-A736-9E1E4C795A02}.Debug|Any CPU.ActiveCfg = Debug|Any CPU
		{ECC2552F-FA34-4FF4-A736-9E1E4C795A02}.Debug|Any CPU.Build.0 = Debug|Any CPU
		{ECC2552F-FA34-4FF4-A736-9E1E4C795A02}.Release|Any CPU.ActiveCfg = Release|Any CPU
		{ECC2552F-FA34-4FF4-A736-9E1E4C795A02}.Release|Any CPU.Build.0 = Release|Any CPU
		{88AB83ED-21E5-4BF7-BA9B-F77D2B658D07}.Debug|Any CPU.ActiveCfg = Debug|Any CPU
		{88AB83ED-21E5-4BF7-BA9B-F77D2B658D07}.Debug|Any CPU.Build.0 = Debug|Any CPU
		{88AB83ED-21E5-4BF7-BA9B-F77D2B658D07}.Release|Any CPU.ActiveCfg = Release|Any CPU
		{88AB83ED-21E5-4BF7-BA9B-F77D2B658D07}.Release|Any CPU.Build.0 = Release|Any CPU
		{B89B3790-EFF7-4DC7-8277-8CA66600B937}.Debug|Any CPU.ActiveCfg = Debug|Any CPU
		{B89B3790-EFF7-4DC7-8277-8CA66600B937}.Debug|Any CPU.Build.0 = Debug|Any CPU
		{B89B3790-EFF7-4DC7-8277-8CA66600B937}.Release|Any CPU.ActiveCfg = Release|Any CPU
		{B89B3790-EFF7-4DC7-8277-8CA66600B937}.Release|Any CPU.Build.0 = Release|Any CPU
		{DE28AF00-00ED-4AE5-AF00-F9D28A47AB8C}.Debug|Any CPU.ActiveCfg = Debug|Any CPU
		{DE28AF00-00ED-4AE5-AF00-F9D28A47AB8C}.Debug|Any CPU.Build.0 = Debug|Any CPU
		{DE28AF00-00ED-4AE5-AF00-F9D28A47AB8C}.Release|Any CPU.ActiveCfg = Release|Any CPU
		{DE28AF00-00ED-4AE5-AF00-F9D28A47AB8C}.Release|Any CPU.Build.0 = Release|Any CPU
		{8F4B6441-121D-492F-B4F8-6768F542F4D5}.Debug|Any CPU.ActiveCfg = Debug|Any CPU
		{8F4B6441-121D-492F-B4F8-6768F542F4D5}.Debug|Any CPU.Build.0 = Debug|Any CPU
		{8F4B6441-121D-492F-B4F8-6768F542F4D5}.Release|Any CPU.ActiveCfg = Release|Any CPU
		{8F4B6441-121D-492F-B4F8-6768F542F4D5}.Release|Any CPU.Build.0 = Release|Any CPU
		{479DF17B-E303-4FF4-BE2F-BA7A29BB0E16}.Debug|Any CPU.ActiveCfg = Debug|Any CPU
		{479DF17B-E303-4FF4-BE2F-BA7A29BB0E16}.Debug|Any CPU.Build.0 = Debug|Any CPU
		{479DF17B-E303-4FF4-BE2F-BA7A29BB0E16}.Release|Any CPU.ActiveCfg = Release|Any CPU
		{479DF17B-E303-4FF4-BE2F-BA7A29BB0E16}.Release|Any CPU.Build.0 = Release|Any CPU
		{345E09FA-6FE1-45BE-AAF6-8DB905997C2F}.Debug|Any CPU.ActiveCfg = Debug|Any CPU
		{345E09FA-6FE1-45BE-AAF6-8DB905997C2F}.Debug|Any CPU.Build.0 = Debug|Any CPU
		{345E09FA-6FE1-45BE-AAF6-8DB905997C2F}.Release|Any CPU.ActiveCfg = Release|Any CPU
		{345E09FA-6FE1-45BE-AAF6-8DB905997C2F}.Release|Any CPU.Build.0 = Release|Any CPU
	EndGlobalSection
	GlobalSection(SolutionProperties) = preSolution
		HideSolutionNode = FALSE
	EndGlobalSection
	GlobalSection(NestedProjects) = preSolution
		{A98259F9-1F54-4BB4-B847-78A91BC962F4} = {9174CAC8-7748-4B62-9DEC-ECF240126214}
		{82B6AC2A-8B6A-4D07-AF5B-DE1ACE55D9F8} = {966EAEF1-B530-4CEB-897E-16774CF724CB}
		{ECC2552F-FA34-4FF4-A736-9E1E4C795A02} = {0D4D2B52-4D05-4AD6-BF17-E5C3E59906B8}
		{88AB83ED-21E5-4BF7-BA9B-F77D2B658D07} = {0D4D2B52-4D05-4AD6-BF17-E5C3E59906B8}
		{B89B3790-EFF7-4DC7-8277-8CA66600B937} = {0654F7CF-4E35-4053-BF9E-9BED5DB0151C}
		{DE28AF00-00ED-4AE5-AF00-F9D28A47AB8C} = {0654F7CF-4E35-4053-BF9E-9BED5DB0151C}
		{8F4B6441-121D-492F-B4F8-6768F542F4D5} = {0654F7CF-4E35-4053-BF9E-9BED5DB0151C}
		{479DF17B-E303-4FF4-BE2F-BA7A29BB0E16} = {9174CAC8-7748-4B62-9DEC-ECF240126214}
		{345E09FA-6FE1-45BE-AAF6-8DB905997C2F} = {9174CAC8-7748-4B62-9DEC-ECF240126214}
	EndGlobalSection
	GlobalSection(ExtensibilityGlobals) = postSolution
		SolutionGuid = {9FB037B3-E9B7-4CAA-B6E4-B610BACC4A4D}
	EndGlobalSection
EndGlobal
